
Microsoft Visual Studio Solution File, Format Version 12.00
# Visual Studio Version 17
VisualStudioVersion = 17.1.32414.318
MinimumVisualStudioVersion = 10.0.40219.1
Project("{2150E333-8FDC-42A3-9474-1A3956D46DE8}") = "src", "src", "{5577EC88-AFA1-445D-A2AF-6D301DD2F1E9}"
EndProject
Project("{2150E333-8FDC-42A3-9474-1A3956D46DE8}") = "test", "test", "{1AF3E89B-A9C1-4C60-945B-9C6FCAAF904C}"
EndProject
Project("{FAE04EC0-301F-11D3-BF4B-00C04F79EFBC}") = "03-DAL", "03-DAL\03-DAL.csproj", "{CF2CBDCE-DFD4-4D09-A992-FB15D75C8A1B}"
EndProject
Project("{FAE04EC0-301F-11D3-BF4B-00C04F79EFBC}") = "02-BLL", "02-BLL\02-BLL.csproj", "{57BD0CD5-1FBE-485B-91F4-AD7A76037903}"
EndProject
Project("{FAE04EC0-301F-11D3-BF4B-00C04F79EFBC}") = "01-UI", "01-UI\01-UI.csproj", "{BDC011B1-BE8D-48E0-9483-4506D4952015}"
EndProject
Project("{FAE04EC0-301F-11D3-BF4B-00C04F79EFBC}") = "ConsoleUI", "ConsoleUI\ConsoleUI.csproj", "{B7523971-74AC-41B6-9663-976A9C2C1425}"
EndProject
Global
	GlobalSection(SolutionConfigurationPlatforms) = preSolution
		Debug|Any CPU = Debug|Any CPU
		Release|Any CPU = Release|Any CPU
	EndGlobalSection
	GlobalSection(ProjectConfigurationPlatforms) = postSolution
		{CF2CBDCE-DFD4-4D09-A992-FB15D75C8A1B}.Debug|Any CPU.ActiveCfg = Debug|Any CPU
		{CF2CBDCE-DFD4-4D09-A992-FB15D75C8A1B}.Debug|Any CPU.Build.0 = Debug|Any CPU
		{CF2CBDCE-DFD4-4D09-A992-FB15D75C8A1B}.Release|Any CPU.ActiveCfg = Release|Any CPU
		{CF2CBDCE-DFD4-4D09-A992-FB15D75C8A1B}.Release|Any CPU.Build.0 = Release|Any CPU
		{57BD0CD5-1FBE-485B-91F4-AD7A76037903}.Debug|Any CPU.ActiveCfg = Debug|Any CPU
		{57BD0CD5-1FBE-485B-91F4-AD7A76037903}.Debug|Any CPU.Build.0 = Debug|Any CPU
		{57BD0CD5-1FBE-485B-91F4-AD7A76037903}.Release|Any CPU.ActiveCfg = Release|Any CPU
		{57BD0CD5-1FBE-485B-91F4-AD7A76037903}.Release|Any CPU.Build.0 = Release|Any CPU
		{BDC011B1-BE8D-48E0-9483-4506D4952015}.Debug|Any CPU.ActiveCfg = Debug|Any CPU
		{BDC011B1-BE8D-48E0-9483-4506D4952015}.Debug|Any CPU.Build.0 = Debug|Any CPU
		{BDC011B1-BE8D-48E0-9483-4506D4952015}.Release|Any CPU.ActiveCfg = Release|Any CPU
		{BDC011B1-BE8D-48E0-9483-4506D4952015}.Release|Any CPU.Build.0 = Release|Any CPU
		{B7523971-74AC-41B6-9663-976A9C2C1425}.Debug|Any CPU.ActiveCfg = Debug|Any CPU
		{B7523971-74AC-41B6-9663-976A9C2C1425}.Debug|Any CPU.Build.0 = Debug|Any CPU
		{B7523971-74AC-41B6-9663-976A9C2C1425}.Release|Any CPU.ActiveCfg = Release|Any CPU
		{B7523971-74AC-41B6-9663-976A9C2C1425}.Release|Any CPU.Build.0 = Release|Any CPU
	EndGlobalSection
	GlobalSection(SolutionProperties) = preSolution
		HideSolutionNode = FALSE
	EndGlobalSection
	GlobalSection(NestedProjects) = preSolution
		{CF2CBDCE-DFD4-4D09-A992-FB15D75C8A1B} = {5577EC88-AFA1-445D-A2AF-6D301DD2F1E9}
		{57BD0CD5-1FBE-485B-91F4-AD7A76037903} = {5577EC88-AFA1-445D-A2AF-6D301DD2F1E9}
		{BDC011B1-BE8D-48E0-9483-4506D4952015} = {5577EC88-AFA1-445D-A2AF-6D301DD2F1E9}
	EndGlobalSection
	GlobalSection(ExtensibilityGlobals) = postSolution
		SolutionGuid = {88248747-7DC6-4B14-BA89-266FCDC45D6E}
	EndGlobalSection
EndGlobal
